
Microsoft Visual Studio Solution File, Format Version 12.00
# Visual Studio Version 16
VisualStudioVersion = 25.0.1706.11
MinimumVisualStudioVersion = 10.0.40219.1
Project("{FAE04EC0-301F-11D3-BF4B-00C04F79EFBC}") = "Fornax.API", "Fornax.API\Fornax.API.csproj", "{7F54D266-D233-462D-9C58-7CED96482CCA}"
EndProject
Project("{FAE04EC0-301F-11D3-BF4B-00C04F79EFBC}") = "Fornax.Domain", "Fornax.Domain\Fornax.Domain.csproj", "{36E23935-3D7C-4815-B2BD-8DDF36CF0C6E}"
EndProject
Project("{FAE04EC0-301F-11D3-BF4B-00C04F79EFBC}") = "Fornax.Application", "Fornax.Application\Fornax.Application.csproj", "{93FCB8CD-D53B-4007-B558-060415B35276}"
EndProject
Project("{FAE04EC0-301F-11D3-BF4B-00C04F79EFBC}") = "Fornax.Infrastructure", "Fornax.Infrastructure\Fornax.Infrastructure.csproj", "{2B09D61F-35E3-4C50-8B2D-92E5645685B1}"
EndProject
Global
	GlobalSection(SolutionConfigurationPlatforms) = preSolution
		Debug|Any CPU = Debug|Any CPU
		Release|Any CPU = Release|Any CPU
	EndGlobalSection
	GlobalSection(ProjectConfigurationPlatforms) = postSolution
		{7F54D266-D233-462D-9C58-7CED96482CCA}.Debug|Any CPU.ActiveCfg = Debug|Any CPU
		{7F54D266-D233-462D-9C58-7CED96482CCA}.Debug|Any CPU.Build.0 = Debug|Any CPU
		{7F54D266-D233-462D-9C58-7CED96482CCA}.Release|Any CPU.ActiveCfg = Release|Any CPU
		{7F54D266-D233-462D-9C58-7CED96482CCA}.Release|Any CPU.Build.0 = Release|Any CPU
		{36E23935-3D7C-4815-B2BD-8DDF36CF0C6E}.Debug|Any CPU.ActiveCfg = Debug|Any CPU
		{36E23935-3D7C-4815-B2BD-8DDF36CF0C6E}.Debug|Any CPU.Build.0 = Debug|Any CPU
		{36E23935-3D7C-4815-B2BD-8DDF36CF0C6E}.Release|Any CPU.ActiveCfg = Release|Any CPU
		{36E23935-3D7C-4815-B2BD-8DDF36CF0C6E}.Release|Any CPU.Build.0 = Release|Any CPU
		{93FCB8CD-D53B-4007-B558-060415B35276}.Debug|Any CPU.ActiveCfg = Debug|Any CPU
		{93FCB8CD-D53B-4007-B558-060415B35276}.Debug|Any CPU.Build.0 = Debug|Any CPU
		{93FCB8CD-D53B-4007-B558-060415B35276}.Release|Any CPU.ActiveCfg = Release|Any CPU
		{93FCB8CD-D53B-4007-B558-060415B35276}.Release|Any CPU.Build.0 = Release|Any CPU
		{2B09D61F-35E3-4C50-8B2D-92E5645685B1}.Debug|Any CPU.ActiveCfg = Debug|Any CPU
		{2B09D61F-35E3-4C50-8B2D-92E5645685B1}.Debug|Any CPU.Build.0 = Debug|Any CPU
		{2B09D61F-35E3-4C50-8B2D-92E5645685B1}.Release|Any CPU.ActiveCfg = Release|Any CPU
		{2B09D61F-35E3-4C50-8B2D-92E5645685B1}.Release|Any CPU.Build.0 = Release|Any CPU
	EndGlobalSection
	GlobalSection(SolutionProperties) = preSolution
		HideSolutionNode = FALSE
	EndGlobalSection
	GlobalSection(ExtensibilityGlobals) = postSolution
		SolutionGuid = {F1A426EB-6D21-4BCE-81A5-BB0D60487A41}
	EndGlobalSection
EndGlobal
